// !$*UTF8*$!
{
	archiveVersion = 1;
	classes = {
	};
	objectVersion = 50;
	objects = {

/* Begin PBXBuildFile section */
		C311786A228A536100083BE1 /* InGameMenu.swift in Sources */ = {isa = PBXBuildFile; fileRef = C3117869228A536100083BE1 /* InGameMenu.swift */; };
		C3133E2E227DFD6D00905F00 /* PlayState.swift in Sources */ = {isa = PBXBuildFile; fileRef = C3133E2D227DFD6D00905F00 /* PlayState.swift */; };
		C3133E30227DFD8300905F00 /* PausedState.swift in Sources */ = {isa = PBXBuildFile; fileRef = C3133E2F227DFD8300905F00 /* PausedState.swift */; };
		C3133E32227DFDB600905F00 /* TutorialState.swift in Sources */ = {isa = PBXBuildFile; fileRef = C3133E31227DFDB600905F00 /* TutorialState.swift */; };
		C3133E34227DFE1800905F00 /* WeekendState.swift in Sources */ = {isa = PBXBuildFile; fileRef = C3133E33227DFE1800905F00 /* WeekendState.swift */; };
		C3133E36227F658200905F00 /* PublishingState.swift in Sources */ = {isa = PBXBuildFile; fileRef = C3133E35227F658200905F00 /* PublishingState.swift */; };
		C31530EB215846D40054684F /* AppDelegate.swift in Sources */ = {isa = PBXBuildFile; fileRef = C31530EA215846D40054684F /* AppDelegate.swift */; };
		C31530F5215846D50054684F /* LaunchScreen.storyboard in Resources */ = {isa = PBXBuildFile; fileRef = C31530F3215846D50054684F /* LaunchScreen.storyboard */; };
		C3153106215848790054684F /* ArticleTile.swift in Sources */ = {isa = PBXBuildFile; fileRef = C31530FC215848790054684F /* ArticleTile.swift */; };
		C3153107215848790054684F /* ArticleTile.xib in Resources */ = {isa = PBXBuildFile; fileRef = C31530FD215848790054684F /* ArticleTile.xib */; };
		C3153108215848790054684F /* Article.swift in Sources */ = {isa = PBXBuildFile; fileRef = C31530FE215848790054684F /* Article.swift */; };
		C3153109215848790054684F /* Main.storyboard in Resources */ = {isa = PBXBuildFile; fileRef = C31530FF215848790054684F /* Main.storyboard */; };
		C315310B215848790054684F /* Author.swift in Sources */ = {isa = PBXBuildFile; fileRef = C3153101215848790054684F /* Author.swift */; };
		C315310C215848790054684F /* Simulation.swift in Sources */ = {isa = PBXBuildFile; fileRef = C3153102215848790054684F /* Simulation.swift */; };
		C315310D215848790054684F /* EmployedAuthorCell.swift in Sources */ = {isa = PBXBuildFile; fileRef = C3153103215848790054684F /* EmployedAuthorCell.swift */; };
		C315310E215848790054684F /* GameViewController.swift in Sources */ = {isa = PBXBuildFile; fileRef = C3153104215848790054684F /* GameViewController.swift */; };
		C315310F215848790054684F /* Topic.swift in Sources */ = {isa = PBXBuildFile; fileRef = C3153105215848790054684F /* Topic.swift */; };
		C3153111215916040054684F /* Company.swift in Sources */ = {isa = PBXBuildFile; fileRef = C3153110215916040054684F /* Company.swift */; };
		C31531132159485C0054684F /* Utilities.swift in Sources */ = {isa = PBXBuildFile; fileRef = C31531122159485C0054684F /* Utilities.swift */; };
		C317831821ADC78700347CB9 /* StateMachine.swift in Sources */ = {isa = PBXBuildFile; fileRef = C317831721ADC78700347CB9 /* StateMachine.swift */; };
		C31DC5C0228A501700CEA46A /* Assets.xcassets in Resources */ = {isa = PBXBuildFile; fileRef = C31530F1215846D50054684F /* Assets.xcassets */; };
		C334A65522AF1D2F00988837 /* DoubleExt.swift in Sources */ = {isa = PBXBuildFile; fileRef = C334A65422AF1D2F00988837 /* DoubleExt.swift */; };
		C334A65722B709FA00988837 /* EventController.swift in Sources */ = {isa = PBXBuildFile; fileRef = C334A65622B709FA00988837 /* EventController.swift */; };
		C3647846228CE50000E8C50A /* MainMenu.swift in Sources */ = {isa = PBXBuildFile; fileRef = C3647845228CE50000E8C50A /* MainMenu.swift */; };
		C36478492290435200E8C50A /* UIColorExt.swift in Sources */ = {isa = PBXBuildFile; fileRef = C36478482290435200E8C50A /* UIColorExt.swift */; };
		C364784B22908EB400E8C50A /* BaseButton.swift in Sources */ = {isa = PBXBuildFile; fileRef = C364784A22908EB400E8C50A /* BaseButton.swift */; };
		C364785122908F9000E8C50A /* UIViewExt.swift in Sources */ = {isa = PBXBuildFile; fileRef = C364785022908F9000E8C50A /* UIViewExt.swift */; };
		C36478562290A1A600E8C50A /* RedButton.swift in Sources */ = {isa = PBXBuildFile; fileRef = C36478552290A1A600E8C50A /* RedButton.swift */; };
		C36478582290AD3800E8C50A /* SkillButton.swift in Sources */ = {isa = PBXBuildFile; fileRef = C36478572290AD3800E8C50A /* SkillButton.swift */; };
		C364785C22910C6700E8C50A /* MenuButton.swift in Sources */ = {isa = PBXBuildFile; fileRef = C364785B22910C6700E8C50A /* MenuButton.swift */; };
		C364785F22910F0500E8C50A /* InGameButton.swift in Sources */ = {isa = PBXBuildFile; fileRef = C364785E22910F0500E8C50A /* InGameButton.swift */; };
		C364786122912C9D00E8C50A /* DataTabButton.swift in Sources */ = {isa = PBXBuildFile; fileRef = C364786022912C9D00E8C50A /* DataTabButton.swift */; };
		C36478632291D09B00E8C50A /* Office.swift in Sources */ = {isa = PBXBuildFile; fileRef = C36478622291D09B00E8C50A /* Office.swift */; };
		C36478652291F1D400E8C50A /* OfficePurchaseMenu.swift in Sources */ = {isa = PBXBuildFile; fileRef = C36478642291F1D400E8C50A /* OfficePurchaseMenu.swift */; };
		C36478672291F5F400E8C50A /* OfficeButton.swift in Sources */ = {isa = PBXBuildFile; fileRef = C36478662291F5F400E8C50A /* OfficeButton.swift */; };
		C364786A2293842A00E8C50A /* IntExt.swift in Sources */ = {isa = PBXBuildFile; fileRef = C36478692293842A00E8C50A /* IntExt.swift */; };
		C37D81CC216FAE0800CD2E85 /* Population.swift in Sources */ = {isa = PBXBuildFile; fileRef = C37D81CB216FAE0800CD2E85 /* Population.swift */; };
		C39388AD22CEBC9100AEF699 /* Popup.swift in Sources */ = {isa = PBXBuildFile; fileRef = C39388AC22CEBC9100AEF699 /* Popup.swift */; };
		C39388AF22CECB2D00AEF699 /* BoolExt.swift in Sources */ = {isa = PBXBuildFile; fileRef = C39388AE22CECB2D00AEF699 /* BoolExt.swift */; };
		C39388BC22D5518100AEF699 /* EventPopup.swift in Sources */ = {isa = PBXBuildFile; fileRef = C39388BB22D5518100AEF699 /* EventPopup.swift */; };
		C3AB5D4E22C711B500981A37 /* EmployeeFooter.xib in Resources */ = {isa = PBXBuildFile; fileRef = C3AB5D4D22C711B500981A37 /* EmployeeFooter.xib */; };
		C3AB5D5022C7191C00981A37 /* EmployeeFooter.swift in Sources */ = {isa = PBXBuildFile; fileRef = C3AB5D4F22C7191C00981A37 /* EmployeeFooter.swift */; };
		C3C3D400229B6D7E00BA86A6 /* Region.swift in Sources */ = {isa = PBXBuildFile; fileRef = C3C3D3FF229B6D7E00BA86A6 /* Region.swift */; };
		C3C3D40622AB5FFE00BA86A6 /* UIStackViewExt.swift in Sources */ = {isa = PBXBuildFile; fileRef = C3C3D40522AB5FFE00BA86A6 /* UIStackViewExt.swift */; };
		C3DFC7F3217E8D9C0074AAF0 /* ScoreCardViewController.swift in Sources */ = {isa = PBXBuildFile; fileRef = C3DFC7F2217E8D9C0074AAF0 /* ScoreCardViewController.swift */; };
		C3E3B5D8218F7A6100A91E6E /* Event.swift in Sources */ = {isa = PBXBuildFile; fileRef = C3E3B5D7218F7A6100A91E6E /* Event.swift */; };
/* End PBXBuildFile section */

/* Begin PBXFileReference section */
		C3117869228A536100083BE1 /* InGameMenu.swift */ = {isa = PBXFileReference; lastKnownFileType = sourcecode.swift; path = InGameMenu.swift; sourceTree = "<group>"; };
		C3133E2D227DFD6D00905F00 /* PlayState.swift */ = {isa = PBXFileReference; lastKnownFileType = sourcecode.swift; path = PlayState.swift; sourceTree = "<group>"; };
		C3133E2F227DFD8300905F00 /* PausedState.swift */ = {isa = PBXFileReference; lastKnownFileType = sourcecode.swift; path = PausedState.swift; sourceTree = "<group>"; };
		C3133E31227DFDB600905F00 /* TutorialState.swift */ = {isa = PBXFileReference; lastKnownFileType = sourcecode.swift; path = TutorialState.swift; sourceTree = "<group>"; };
		C3133E33227DFE1800905F00 /* WeekendState.swift */ = {isa = PBXFileReference; lastKnownFileType = sourcecode.swift; path = WeekendState.swift; sourceTree = "<group>"; };
		C3133E35227F658200905F00 /* PublishingState.swift */ = {isa = PBXFileReference; lastKnownFileType = sourcecode.swift; path = PublishingState.swift; sourceTree = "<group>"; };
		C31530E7215846D40054684F /* Blighty Times.app */ = {isa = PBXFileReference; explicitFileType = wrapper.application; includeInIndex = 0; path = "Blighty Times.app"; sourceTree = BUILT_PRODUCTS_DIR; };
		C31530EA215846D40054684F /* AppDelegate.swift */ = {isa = PBXFileReference; lastKnownFileType = sourcecode.swift; path = AppDelegate.swift; sourceTree = "<group>"; };
		C31530F1215846D50054684F /* Assets.xcassets */ = {isa = PBXFileReference; lastKnownFileType = folder.assetcatalog; path = Assets.xcassets; sourceTree = "<group>"; };
		C31530F4215846D50054684F /* Base */ = {isa = PBXFileReference; lastKnownFileType = file.storyboard; name = Base; path = Base.lproj/LaunchScreen.storyboard; sourceTree = "<group>"; };
		C31530F6215846D50054684F /* Info.plist */ = {isa = PBXFileReference; lastKnownFileType = text.plist.xml; path = Info.plist; sourceTree = "<group>"; };
		C31530FC215848790054684F /* ArticleTile.swift */ = {isa = PBXFileReference; fileEncoding = 4; lastKnownFileType = sourcecode.swift; path = ArticleTile.swift; sourceTree = "<group>"; };
		C31530FD215848790054684F /* ArticleTile.xib */ = {isa = PBXFileReference; fileEncoding = 4; lastKnownFileType = file.xib; path = ArticleTile.xib; sourceTree = "<group>"; };
		C31530FE215848790054684F /* Article.swift */ = {isa = PBXFileReference; fileEncoding = 4; lastKnownFileType = sourcecode.swift; path = Article.swift; sourceTree = "<group>"; };
		C31530FF215848790054684F /* Main.storyboard */ = {isa = PBXFileReference; fileEncoding = 4; lastKnownFileType = file.storyboard; path = Main.storyboard; sourceTree = "<group>"; };
		C3153101215848790054684F /* Author.swift */ = {isa = PBXFileReference; fileEncoding = 4; lastKnownFileType = sourcecode.swift; path = Author.swift; sourceTree = "<group>"; };
		C3153102215848790054684F /* Simulation.swift */ = {isa = PBXFileReference; fileEncoding = 4; lastKnownFileType = sourcecode.swift; path = Simulation.swift; sourceTree = "<group>"; };
		C3153103215848790054684F /* EmployedAuthorCell.swift */ = {isa = PBXFileReference; fileEncoding = 4; lastKnownFileType = sourcecode.swift; path = EmployedAuthorCell.swift; sourceTree = "<group>"; };
		C3153104215848790054684F /* GameViewController.swift */ = {isa = PBXFileReference; fileEncoding = 4; lastKnownFileType = sourcecode.swift; path = GameViewController.swift; sourceTree = "<group>"; };
		C3153105215848790054684F /* Topic.swift */ = {isa = PBXFileReference; fileEncoding = 4; lastKnownFileType = sourcecode.swift; path = Topic.swift; sourceTree = "<group>"; };
		C3153110215916040054684F /* Company.swift */ = {isa = PBXFileReference; lastKnownFileType = sourcecode.swift; path = Company.swift; sourceTree = "<group>"; };
		C31531122159485C0054684F /* Utilities.swift */ = {isa = PBXFileReference; lastKnownFileType = sourcecode.swift; path = Utilities.swift; sourceTree = "<group>"; };
		C317831721ADC78700347CB9 /* StateMachine.swift */ = {isa = PBXFileReference; lastKnownFileType = sourcecode.swift; path = StateMachine.swift; sourceTree = "<group>"; };
		C334A65422AF1D2F00988837 /* DoubleExt.swift */ = {isa = PBXFileReference; lastKnownFileType = sourcecode.swift; path = DoubleExt.swift; sourceTree = "<group>"; };
		C334A65622B709FA00988837 /* EventController.swift */ = {isa = PBXFileReference; lastKnownFileType = sourcecode.swift; path = EventController.swift; sourceTree = "<group>"; };
		C3647845228CE50000E8C50A /* MainMenu.swift */ = {isa = PBXFileReference; lastKnownFileType = sourcecode.swift; path = MainMenu.swift; sourceTree = "<group>"; };
		C36478482290435200E8C50A /* UIColorExt.swift */ = {isa = PBXFileReference; lastKnownFileType = sourcecode.swift; path = UIColorExt.swift; sourceTree = "<group>"; };
		C364784A22908EB400E8C50A /* BaseButton.swift */ = {isa = PBXFileReference; lastKnownFileType = sourcecode.swift; path = BaseButton.swift; sourceTree = "<group>"; };
		C364785022908F9000E8C50A /* UIViewExt.swift */ = {isa = PBXFileReference; lastKnownFileType = sourcecode.swift; path = UIViewExt.swift; sourceTree = "<group>"; };
		C36478552290A1A600E8C50A /* RedButton.swift */ = {isa = PBXFileReference; lastKnownFileType = sourcecode.swift; path = RedButton.swift; sourceTree = "<group>"; };
		C36478572290AD3800E8C50A /* SkillButton.swift */ = {isa = PBXFileReference; lastKnownFileType = sourcecode.swift; path = SkillButton.swift; sourceTree = "<group>"; };
		C364785B22910C6700E8C50A /* MenuButton.swift */ = {isa = PBXFileReference; lastKnownFileType = sourcecode.swift; path = MenuButton.swift; sourceTree = "<group>"; };
		C364785E22910F0500E8C50A /* InGameButton.swift */ = {isa = PBXFileReference; lastKnownFileType = sourcecode.swift; path = InGameButton.swift; sourceTree = "<group>"; };
		C364786022912C9D00E8C50A /* DataTabButton.swift */ = {isa = PBXFileReference; lastKnownFileType = sourcecode.swift; path = DataTabButton.swift; sourceTree = "<group>"; };
		C36478622291D09B00E8C50A /* Office.swift */ = {isa = PBXFileReference; lastKnownFileType = sourcecode.swift; path = Office.swift; sourceTree = "<group>"; };
		C36478642291F1D400E8C50A /* OfficePurchaseMenu.swift */ = {isa = PBXFileReference; lastKnownFileType = sourcecode.swift; path = OfficePurchaseMenu.swift; sourceTree = "<group>"; };
		C36478662291F5F400E8C50A /* OfficeButton.swift */ = {isa = PBXFileReference; lastKnownFileType = sourcecode.swift; path = OfficeButton.swift; sourceTree = "<group>"; };
		C36478692293842A00E8C50A /* IntExt.swift */ = {isa = PBXFileReference; lastKnownFileType = sourcecode.swift; path = IntExt.swift; sourceTree = "<group>"; };
		C37D81CB216FAE0800CD2E85 /* Population.swift */ = {isa = PBXFileReference; lastKnownFileType = sourcecode.swift; path = Population.swift; sourceTree = "<group>"; };
		C39388AC22CEBC9100AEF699 /* Popup.swift */ = {isa = PBXFileReference; lastKnownFileType = sourcecode.swift; path = Popup.swift; sourceTree = "<group>"; };
		C39388AE22CECB2D00AEF699 /* BoolExt.swift */ = {isa = PBXFileReference; lastKnownFileType = sourcecode.swift; path = BoolExt.swift; sourceTree = "<group>"; };
		C39388BB22D5518100AEF699 /* EventPopup.swift */ = {isa = PBXFileReference; lastKnownFileType = sourcecode.swift; path = EventPopup.swift; sourceTree = "<group>"; };
		C3AB5D4D22C711B500981A37 /* EmployeeFooter.xib */ = {isa = PBXFileReference; lastKnownFileType = file.xib; path = EmployeeFooter.xib; sourceTree = "<group>"; };
		C3AB5D4F22C7191C00981A37 /* EmployeeFooter.swift */ = {isa = PBXFileReference; lastKnownFileType = sourcecode.swift; path = EmployeeFooter.swift; sourceTree = "<group>"; };
		C3C3D3FF229B6D7E00BA86A6 /* Region.swift */ = {isa = PBXFileReference; lastKnownFileType = sourcecode.swift; path = Region.swift; sourceTree = "<group>"; };
		C3C3D40522AB5FFE00BA86A6 /* UIStackViewExt.swift */ = {isa = PBXFileReference; lastKnownFileType = sourcecode.swift; path = UIStackViewExt.swift; sourceTree = "<group>"; };
		C3DFC7F2217E8D9C0074AAF0 /* ScoreCardViewController.swift */ = {isa = PBXFileReference; lastKnownFileType = sourcecode.swift; path = ScoreCardViewController.swift; sourceTree = "<group>"; };
		C3E3B5D7218F7A6100A91E6E /* Event.swift */ = {isa = PBXFileReference; lastKnownFileType = sourcecode.swift; path = Event.swift; sourceTree = "<group>"; };
/* End PBXFileReference section */

/* Begin PBXFrameworksBuildPhase section */
		C31530E4215846D40054684F /* Frameworks */ = {
			isa = PBXFrameworksBuildPhase;
			buildActionMask = 2147483647;
			files = (
			);
			runOnlyForDeploymentPostprocessing = 0;
		};
/* End PBXFrameworksBuildPhase section */

/* Begin PBXGroup section */
		C31530DE215846D40054684F = {
			isa = PBXGroup;
			children = (
				C31530E9215846D40054684F /* Blighty Times */,
				C31530E8215846D40054684F /* Products */,
			);
			sourceTree = "<group>";
		};
		C31530E8215846D40054684F /* Products */ = {
			isa = PBXGroup;
			children = (
				C31530E7215846D40054684F /* Blighty Times.app */,
			);
			name = Products;
			sourceTree = "<group>";
		};
		C31530E9215846D40054684F /* Blighty Times */ = {
			isa = PBXGroup;
			children = (
				C31530FF215848790054684F /* Main.storyboard */,
				C31530F3215846D50054684F /* LaunchScreen.storyboard */,
				C31530F1215846D50054684F /* Assets.xcassets */,
				C3153102215848790054684F /* Simulation.swift */,
				C39388B122D12E3300AEF699 /* Game */,
				C39388B222D12E5600AEF699 /* Game Elements */,
				C39388B322D12E6E00AEF699 /* State Machine */,
				C39388B922D12F3800AEF699 /* Buttons */,
				C39388BA22D12F4F00AEF699 /* Extensions */,
				C31530EA215846D40054684F /* AppDelegate.swift */,
				C31530F6215846D50054684F /* Info.plist */,
			);
			path = "Blighty Times";
			sourceTree = "<group>";
		};
		C39388B122D12E3300AEF699 /* Game */ = {
			isa = PBXGroup;
			children = (
				C3153104215848790054684F /* GameViewController.swift */,
				C3117869228A536100083BE1 /* InGameMenu.swift */,
				C3DFC7F2217E8D9C0074AAF0 /* ScoreCardViewController.swift */,
				C39388AC22CEBC9100AEF699 /* Popup.swift */,
				C39388BB22D5518100AEF699 /* EventPopup.swift */,
				C3647845228CE50000E8C50A /* MainMenu.swift */,
			);
			name = Game;
			sourceTree = "<group>";
		};
		C39388B222D12E5600AEF699 /* Game Elements */ = {
			isa = PBXGroup;
			children = (
				C3153110215916040054684F /* Company.swift */,
				C37D81CB216FAE0800CD2E85 /* Population.swift */,
				C3C3D3FF229B6D7E00BA86A6 /* Region.swift */,
				C3153105215848790054684F /* Topic.swift */,
				C39388B522D12EA300AEF699 /* Author */,
				C39388B622D12EB900AEF699 /* Article */,
				C39388B722D12EE300AEF699 /* Event */,
				C39388B822D12F2200AEF699 /* Office */,
			);
			name = "Game Elements";
			sourceTree = "<group>";
		};
		C39388B322D12E6E00AEF699 /* State Machine */ = {
			isa = PBXGroup;
			children = (
				C317831721ADC78700347CB9 /* StateMachine.swift */,
				C39388B422D12E8200AEF699 /* States */,
			);
			name = "State Machine";
			sourceTree = "<group>";
		};
		C39388B422D12E8200AEF699 /* States */ = {
			isa = PBXGroup;
			children = (
				C3133E2D227DFD6D00905F00 /* PlayState.swift */,
				C3133E2F227DFD8300905F00 /* PausedState.swift */,
				C3133E35227F658200905F00 /* PublishingState.swift */,
				C3133E33227DFE1800905F00 /* WeekendState.swift */,
				C3133E31227DFDB600905F00 /* TutorialState.swift */,
			);
			name = States;
			sourceTree = "<group>";
		};
		C39388B522D12EA300AEF699 /* Author */ = {
			isa = PBXGroup;
			children = (
				C3153101215848790054684F /* Author.swift */,
				C3153103215848790054684F /* EmployedAuthorCell.swift */,
				C3AB5D4F22C7191C00981A37 /* EmployeeFooter.swift */,
				C3AB5D4D22C711B500981A37 /* EmployeeFooter.xib */,
			);
			name = Author;
			sourceTree = "<group>";
		};
		C39388B622D12EB900AEF699 /* Article */ = {
			isa = PBXGroup;
			children = (
				C31530FE215848790054684F /* Article.swift */,
				C31530FC215848790054684F /* ArticleTile.swift */,
				C31530FD215848790054684F /* ArticleTile.xib */,
			);
			name = Article;
			sourceTree = "<group>";
		};
		C39388B722D12EE300AEF699 /* Event */ = {
			isa = PBXGroup;
			children = (
				C3E3B5D7218F7A6100A91E6E /* Event.swift */,
				C334A65622B709FA00988837 /* EventController.swift */,
			);
			name = Event;
			sourceTree = "<group>";
		};
		C39388B822D12F2200AEF699 /* Office */ = {
			isa = PBXGroup;
			children = (
				C36478622291D09B00E8C50A /* Office.swift */,
				C36478642291F1D400E8C50A /* OfficePurchaseMenu.swift */,
			);
			name = Office;
			sourceTree = "<group>";
		};
		C39388B922D12F3800AEF699 /* Buttons */ = {
			isa = PBXGroup;
			children = (
				C364784A22908EB400E8C50A /* BaseButton.swift */,
				C36478552290A1A600E8C50A /* RedButton.swift */,
				C364785B22910C6700E8C50A /* MenuButton.swift */,
				C364785E22910F0500E8C50A /* InGameButton.swift */,
				C36478572290AD3800E8C50A /* SkillButton.swift */,
				C364786022912C9D00E8C50A /* DataTabButton.swift */,
				C36478662291F5F400E8C50A /* OfficeButton.swift */,
			);
			name = Buttons;
			sourceTree = "<group>";
		};
		C39388BA22D12F4F00AEF699 /* Extensions */ = {
			isa = PBXGroup;
			children = (
				C31531122159485C0054684F /* Utilities.swift */,
				C39388AE22CECB2D00AEF699 /* BoolExt.swift */,
				C36478692293842A00E8C50A /* IntExt.swift */,
				C334A65422AF1D2F00988837 /* DoubleExt.swift */,
				C36478482290435200E8C50A /* UIColorExt.swift */,
				C364785022908F9000E8C50A /* UIViewExt.swift */,
				C3C3D40522AB5FFE00BA86A6 /* UIStackViewExt.swift */,
			);
			name = Extensions;
			sourceTree = "<group>";
		};
/* End PBXGroup section */

/* Begin PBXNativeTarget section */
		C31530E6215846D40054684F /* Blighty Times */ = {
			isa = PBXNativeTarget;
			buildConfigurationList = C31530F9215846D50054684F /* Build configuration list for PBXNativeTarget "Blighty Times" */;
			buildPhases = (
				C31530E3215846D40054684F /* Sources */,
				C31530E4215846D40054684F /* Frameworks */,
				C31530E5215846D40054684F /* Resources */,
			);
			buildRules = (
			);
			dependencies = (
			);
			name = "Blighty Times";
			productName = "Blighty Times";
			productReference = C31530E7215846D40054684F /* Blighty Times.app */;
			productType = "com.apple.product-type.application";
		};
/* End PBXNativeTarget section */

/* Begin PBXProject section */
		C31530DF215846D40054684F /* Project object */ = {
			isa = PBXProject;
			attributes = {
				LastSwiftUpdateCheck = 1000;
				LastUpgradeCheck = 1000;
				ORGANIZATIONNAME = "Zachary Duncan";
				TargetAttributes = {
					C31530E6215846D40054684F = {
						CreatedOnToolsVersion = 10.0;
					};
				};
			};
			buildConfigurationList = C31530E2215846D40054684F /* Build configuration list for PBXProject "Blighty Times" */;
			compatibilityVersion = "Xcode 9.3";
			developmentRegion = en;
			hasScannedForEncodings = 0;
			knownRegions = (
				en,
				Base,
			);
			mainGroup = C31530DE215846D40054684F;
			productRefGroup = C31530E8215846D40054684F /* Products */;
			projectDirPath = "";
			projectRoot = "";
			targets = (
				C31530E6215846D40054684F /* Blighty Times */,
			);
		};
/* End PBXProject section */

/* Begin PBXResourcesBuildPhase section */
		C31530E5215846D40054684F /* Resources */ = {
			isa = PBXResourcesBuildPhase;
			buildActionMask = 2147483647;
			files = (
				C3AB5D4E22C711B500981A37 /* EmployeeFooter.xib in Resources */,
				C31530F5215846D50054684F /* LaunchScreen.storyboard in Resources */,
				C3153107215848790054684F /* ArticleTile.xib in Resources */,
				C31DC5C0228A501700CEA46A /* Assets.xcassets in Resources */,
				C3153109215848790054684F /* Main.storyboard in Resources */,
			);
			runOnlyForDeploymentPostprocessing = 0;
		};
/* End PBXResourcesBuildPhase section */

/* Begin PBXSourcesBuildPhase section */
		C31530E3215846D40054684F /* Sources */ = {
			isa = PBXSourcesBuildPhase;
			buildActionMask = 2147483647;
			files = (
				C364785122908F9000E8C50A /* UIViewExt.swift in Sources */,
				C364786A2293842A00E8C50A /* IntExt.swift in Sources */,
				C39388AD22CEBC9100AEF699 /* Popup.swift in Sources */,
				C315310F215848790054684F /* Topic.swift in Sources */,
				C36478492290435200E8C50A /* UIColorExt.swift in Sources */,
				C36478652291F1D400E8C50A /* OfficePurchaseMenu.swift in Sources */,
				C3153106215848790054684F /* ArticleTile.swift in Sources */,
				C3153111215916040054684F /* Company.swift in Sources */,
				C31530EB215846D40054684F /* AppDelegate.swift in Sources */,
				C364786122912C9D00E8C50A /* DataTabButton.swift in Sources */,
				C3133E34227DFE1800905F00 /* WeekendState.swift in Sources */,
				C315310D215848790054684F /* EmployedAuthorCell.swift in Sources */,
				C317831821ADC78700347CB9 /* StateMachine.swift in Sources */,
				C3153108215848790054684F /* Article.swift in Sources */,
				C364785F22910F0500E8C50A /* InGameButton.swift in Sources */,
				C39388AF22CECB2D00AEF699 /* BoolExt.swift in Sources */,
				C37D81CC216FAE0800CD2E85 /* Population.swift in Sources */,
				C3133E2E227DFD6D00905F00 /* PlayState.swift in Sources */,
				C315310C215848790054684F /* Simulation.swift in Sources */,
				C36478562290A1A600E8C50A /* RedButton.swift in Sources */,
				C3AB5D5022C7191C00981A37 /* EmployeeFooter.swift in Sources */,
				C3647846228CE50000E8C50A /* MainMenu.swift in Sources */,
				C315310E215848790054684F /* GameViewController.swift in Sources */,
				C36478632291D09B00E8C50A /* Office.swift in Sources */,
				C31531132159485C0054684F /* Utilities.swift in Sources */,
				C3DFC7F3217E8D9C0074AAF0 /* ScoreCardViewController.swift in Sources */,
				C3133E30227DFD8300905F00 /* PausedState.swift in Sources */,
				C3E3B5D8218F7A6100A91E6E /* Event.swift in Sources */,
				C3C3D400229B6D7E00BA86A6 /* Region.swift in Sources */,
				C364785C22910C6700E8C50A /* MenuButton.swift in Sources */,
				C3133E36227F658200905F00 /* PublishingState.swift in Sources */,
				C334A65522AF1D2F00988837 /* DoubleExt.swift in Sources */,
				C3C3D40622AB5FFE00BA86A6 /* UIStackViewExt.swift in Sources */,
				C311786A228A536100083BE1 /* InGameMenu.swift in Sources */,
				C36478672291F5F400E8C50A /* OfficeButton.swift in Sources */,
				C364784B22908EB400E8C50A /* BaseButton.swift in Sources */,
				C315310B215848790054684F /* Author.swift in Sources */,
				C3133E32227DFDB600905F00 /* TutorialState.swift in Sources */,
				C334A65722B709FA00988837 /* EventController.swift in Sources */,
				C36478582290AD3800E8C50A /* SkillButton.swift in Sources */,
				C39388BC22D5518100AEF699 /* EventPopup.swift in Sources */,
			);
			runOnlyForDeploymentPostprocessing = 0;
		};
/* End PBXSourcesBuildPhase section */

/* Begin PBXVariantGroup section */
		C31530F3215846D50054684F /* LaunchScreen.storyboard */ = {
			isa = PBXVariantGroup;
			children = (
				C31530F4215846D50054684F /* Base */,
			);
			name = LaunchScreen.storyboard;
			sourceTree = "<group>";
		};
/* End PBXVariantGroup section */

/* Begin XCBuildConfiguration section */
		C31530F7215846D50054684F /* Debug */ = {
			isa = XCBuildConfiguration;
			buildSettings = {
				ALWAYS_SEARCH_USER_PATHS = NO;
				CLANG_ANALYZER_NONNULL = YES;
				CLANG_ANALYZER_NUMBER_OBJECT_CONVERSION = YES_AGGRESSIVE;
				CLANG_CXX_LANGUAGE_STANDARD = "gnu++14";
				CLANG_CXX_LIBRARY = "libc++";
				CLANG_ENABLE_MODULES = YES;
				CLANG_ENABLE_OBJC_ARC = YES;
				CLANG_ENABLE_OBJC_WEAK = YES;
				CLANG_WARN_BLOCK_CAPTURE_AUTORELEASING = YES;
				CLANG_WARN_BOOL_CONVERSION = YES;
				CLANG_WARN_COMMA = YES;
				CLANG_WARN_CONSTANT_CONVERSION = YES;
				CLANG_WARN_DEPRECATED_OBJC_IMPLEMENTATIONS = YES;
				CLANG_WARN_DIRECT_OBJC_ISA_USAGE = YES_ERROR;
				CLANG_WARN_DOCUMENTATION_COMMENTS = YES;
				CLANG_WARN_EMPTY_BODY = YES;
				CLANG_WARN_ENUM_CONVERSION = YES;
				CLANG_WARN_INFINITE_RECURSION = YES;
				CLANG_WARN_INT_CONVERSION = YES;
				CLANG_WARN_NON_LITERAL_NULL_CONVERSION = YES;
				CLANG_WARN_OBJC_IMPLICIT_RETAIN_SELF = YES;
				CLANG_WARN_OBJC_LITERAL_CONVERSION = YES;
				CLANG_WARN_OBJC_ROOT_CLASS = YES_ERROR;
				CLANG_WARN_RANGE_LOOP_ANALYSIS = YES;
				CLANG_WARN_STRICT_PROTOTYPES = YES;
				CLANG_WARN_SUSPICIOUS_MOVE = YES;
				CLANG_WARN_UNGUARDED_AVAILABILITY = YES_AGGRESSIVE;
				CLANG_WARN_UNREACHABLE_CODE = YES;
				CLANG_WARN__DUPLICATE_METHOD_MATCH = YES;
				CODE_SIGN_IDENTITY = "iPhone Developer";
				COPY_PHASE_STRIP = NO;
				DEBUG_INFORMATION_FORMAT = dwarf;
				ENABLE_STRICT_OBJC_MSGSEND = YES;
				ENABLE_TESTABILITY = YES;
				GCC_C_LANGUAGE_STANDARD = gnu11;
				GCC_DYNAMIC_NO_PIC = NO;
				GCC_NO_COMMON_BLOCKS = YES;
				GCC_OPTIMIZATION_LEVEL = 0;
				GCC_PREPROCESSOR_DEFINITIONS = (
					"DEBUG=1",
					"$(inherited)",
				);
				GCC_WARN_64_TO_32_BIT_CONVERSION = YES;
				GCC_WARN_ABOUT_RETURN_TYPE = YES_ERROR;
				GCC_WARN_UNDECLARED_SELECTOR = YES;
				GCC_WARN_UNINITIALIZED_AUTOS = YES_AGGRESSIVE;
				GCC_WARN_UNUSED_FUNCTION = YES;
				GCC_WARN_UNUSED_VARIABLE = YES;
				IPHONEOS_DEPLOYMENT_TARGET = 12.0;
				MTL_ENABLE_DEBUG_INFO = INCLUDE_SOURCE;
				MTL_FAST_MATH = YES;
				ONLY_ACTIVE_ARCH = YES;
				SDKROOT = iphoneos;
				SWIFT_ACTIVE_COMPILATION_CONDITIONS = DEBUG;
				SWIFT_OPTIMIZATION_LEVEL = "-Onone";
			};
			name = Debug;
		};
		C31530F8215846D50054684F /* Release */ = {
			isa = XCBuildConfiguration;
			buildSettings = {
				ALWAYS_SEARCH_USER_PATHS = NO;
				CLANG_ANALYZER_NONNULL = YES;
				CLANG_ANALYZER_NUMBER_OBJECT_CONVERSION = YES_AGGRESSIVE;
				CLANG_CXX_LANGUAGE_STANDARD = "gnu++14";
				CLANG_CXX_LIBRARY = "libc++";
				CLANG_ENABLE_MODULES = YES;
				CLANG_ENABLE_OBJC_ARC = YES;
				CLANG_ENABLE_OBJC_WEAK = YES;
				CLANG_WARN_BLOCK_CAPTURE_AUTORELEASING = YES;
				CLANG_WARN_BOOL_CONVERSION = YES;
				CLANG_WARN_COMMA = YES;
				CLANG_WARN_CONSTANT_CONVERSION = YES;
				CLANG_WARN_DEPRECATED_OBJC_IMPLEMENTATIONS = YES;
				CLANG_WARN_DIRECT_OBJC_ISA_USAGE = YES_ERROR;
				CLANG_WARN_DOCUMENTATION_COMMENTS = YES;
				CLANG_WARN_EMPTY_BODY = YES;
				CLANG_WARN_ENUM_CONVERSION = YES;
				CLANG_WARN_INFINITE_RECURSION = YES;
				CLANG_WARN_INT_CONVERSION = YES;
				CLANG_WARN_NON_LITERAL_NULL_CONVERSION = YES;
				CLANG_WARN_OBJC_IMPLICIT_RETAIN_SELF = YES;
				CLANG_WARN_OBJC_LITERAL_CONVERSION = YES;
				CLANG_WARN_OBJC_ROOT_CLASS = YES_ERROR;
				CLANG_WARN_RANGE_LOOP_ANALYSIS = YES;
				CLANG_WARN_STRICT_PROTOTYPES = YES;
				CLANG_WARN_SUSPICIOUS_MOVE = YES;
				CLANG_WARN_UNGUARDED_AVAILABILITY = YES_AGGRESSIVE;
				CLANG_WARN_UNREACHABLE_CODE = YES;
				CLANG_WARN__DUPLICATE_METHOD_MATCH = YES;
				CODE_SIGN_IDENTITY = "iPhone Developer";
				COPY_PHASE_STRIP = NO;
				DEBUG_INFORMATION_FORMAT = "dwarf-with-dsym";
				ENABLE_NS_ASSERTIONS = NO;
				ENABLE_STRICT_OBJC_MSGSEND = YES;
				GCC_C_LANGUAGE_STANDARD = gnu11;
				GCC_NO_COMMON_BLOCKS = YES;
				GCC_WARN_64_TO_32_BIT_CONVERSION = YES;
				GCC_WARN_ABOUT_RETURN_TYPE = YES_ERROR;
				GCC_WARN_UNDECLARED_SELECTOR = YES;
				GCC_WARN_UNINITIALIZED_AUTOS = YES_AGGRESSIVE;
				GCC_WARN_UNUSED_FUNCTION = YES;
				GCC_WARN_UNUSED_VARIABLE = YES;
				IPHONEOS_DEPLOYMENT_TARGET = 12.0;
				MTL_ENABLE_DEBUG_INFO = NO;
				MTL_FAST_MATH = YES;
				SDKROOT = iphoneos;
				SWIFT_COMPILATION_MODE = wholemodule;
				SWIFT_OPTIMIZATION_LEVEL = "-O";
				VALIDATE_PRODUCT = YES;
			};
			name = Release;
		};
		C31530FA215846D50054684F /* Debug */ = {
			isa = XCBuildConfiguration;
			buildSettings = {
				ASSETCATALOG_COMPILER_APPICON_NAME = AppIcon;
				CODE_SIGN_STYLE = Automatic;
				DEVELOPMENT_TEAM = 8MJH2BEKLZ;
				INFOPLIST_FILE = "Blighty Times/Info.plist";
				IPHONEOS_DEPLOYMENT_TARGET = 9.0;
				LD_RUNPATH_SEARCH_PATHS = (
					"$(inherited)",
					"@executable_path/Frameworks",
				);
				PRODUCT_BUNDLE_IDENTIFIER = "com.ZacharyDuncan.Blighty-Times";
				PRODUCT_NAME = "$(TARGET_NAME)";
				SWIFT_VERSION = 4.2;
				TARGETED_DEVICE_FAMILY = 2;
			};
			name = Debug;
		};
		C31530FB215846D50054684F /* Release */ = {
			isa = XCBuildConfiguration;
			buildSettings = {
				ASSETCATALOG_COMPILER_APPICON_NAME = AppIcon;
				CODE_SIGN_STYLE = Automatic;
				DEVELOPMENT_TEAM = 8MJH2BEKLZ;
				INFOPLIST_FILE = "Blighty Times/Info.plist";
				IPHONEOS_DEPLOYMENT_TARGET = 9.0;
				LD_RUNPATH_SEARCH_PATHS = (
					"$(inherited)",
					"@executable_path/Frameworks",
				);
				PRODUCT_BUNDLE_IDENTIFIER = "com.ZacharyDuncan.Blighty-Times";
				PRODUCT_NAME = "$(TARGET_NAME)";
				SWIFT_VERSION = 4.2;
				TARGETED_DEVICE_FAMILY = 2;
			};
			name = Release;
		};
/* End XCBuildConfiguration section */

/* Begin XCConfigurationList section */
		C31530E2215846D40054684F /* Build configuration list for PBXProject "Blighty Times" */ = {
			isa = XCConfigurationList;
			buildConfigurations = (
				C31530F7215846D50054684F /* Debug */,
				C31530F8215846D50054684F /* Release */,
			);
			defaultConfigurationIsVisible = 0;
			defaultConfigurationName = Release;
		};
		C31530F9215846D50054684F /* Build configuration list for PBXNativeTarget "Blighty Times" */ = {
			isa = XCConfigurationList;
			buildConfigurations = (
				C31530FA215846D50054684F /* Debug */,
				C31530FB215846D50054684F /* Release */,
			);
			defaultConfigurationIsVisible = 0;
			defaultConfigurationName = Release;
		};
/* End XCConfigurationList section */
	};
	rootObject = C31530DF215846D40054684F /* Project object */;
}
